// !$*UTF8*$!
{
	archiveVersion = 1;
	classes = {
	};
	objectVersion = 50;
	objects = {

/* Begin PBXBuildFile section */
		30F094AB2256D16E002C8316 /* AppDelegate.swift in Sources */ = {isa = PBXBuildFile; fileRef = 30F094AA2256D16E002C8316 /* AppDelegate.swift */; };
		30F094AD2256D16E002C8316 /* ViewController.swift in Sources */ = {isa = PBXBuildFile; fileRef = 30F094AC2256D16E002C8316 /* ViewController.swift */; };
		30F094B02256D16E002C8316 /* Main.storyboard in Resources */ = {isa = PBXBuildFile; fileRef = 30F094AE2256D16E002C8316 /* Main.storyboard */; };
		30F094B32256D16E002C8316 /* SensorTest.xcdatamodeld in Sources */ = {isa = PBXBuildFile; fileRef = 30F094B12256D16E002C8316 /* SensorTest.xcdatamodeld */; };
		30F094B52256D172002C8316 /* Assets.xcassets in Resources */ = {isa = PBXBuildFile; fileRef = 30F094B42256D172002C8316 /* Assets.xcassets */; };
		30F094B82256D172002C8316 /* LaunchScreen.storyboard in Resources */ = {isa = PBXBuildFile; fileRef = 30F094B62256D172002C8316 /* LaunchScreen.storyboard */; };
		30F094C32256D172002C8316 /* SensorTestTests.swift in Sources */ = {isa = PBXBuildFile; fileRef = 30F094C22256D172002C8316 /* SensorTestTests.swift */; };
		30F094CE2256D172002C8316 /* SensorTestUITests.swift in Sources */ = {isa = PBXBuildFile; fileRef = 30F094CD2256D172002C8316 /* SensorTestUITests.swift */; };
/* End PBXBuildFile section */

/* Begin PBXContainerItemProxy section */
		30F094BF2256D172002C8316 /* PBXContainerItemProxy */ = {
			isa = PBXContainerItemProxy;
			containerPortal = 30F0949F2256D16E002C8316 /* Project object */;
			proxyType = 1;
			remoteGlobalIDString = 30F094A62256D16E002C8316;
			remoteInfo = SensorTest;
		};
		30F094CA2256D172002C8316 /* PBXContainerItemProxy */ = {
			isa = PBXContainerItemProxy;
			containerPortal = 30F0949F2256D16E002C8316 /* Project object */;
			proxyType = 1;
			remoteGlobalIDString = 30F094A62256D16E002C8316;
			remoteInfo = SensorTest;
		};
/* End PBXContainerItemProxy section */

/* Begin PBXFileReference section */
		30F094A72256D16E002C8316 /* SensorTest.app */ = {isa = PBXFileReference; explicitFileType = wrapper.application; includeInIndex = 0; path = SensorTest.app; sourceTree = BUILT_PRODUCTS_DIR; };
		30F094AA2256D16E002C8316 /* AppDelegate.swift */ = {isa = PBXFileReference; lastKnownFileType = sourcecode.swift; path = AppDelegate.swift; sourceTree = "<group>"; };
		30F094AC2256D16E002C8316 /* ViewController.swift */ = {isa = PBXFileReference; lastKnownFileType = sourcecode.swift; path = ViewController.swift; sourceTree = "<group>"; };
		30F094AF2256D16E002C8316 /* Base */ = {isa = PBXFileReference; lastKnownFileType = file.storyboard; name = Base; path = Base.lproj/Main.storyboard; sourceTree = "<group>"; };
		30F094B22256D16E002C8316 /* SensorTest.xcdatamodel */ = {isa = PBXFileReference; lastKnownFileType = wrapper.xcdatamodel; path = SensorTest.xcdatamodel; sourceTree = "<group>"; };
		30F094B42256D172002C8316 /* Assets.xcassets */ = {isa = PBXFileReference; lastKnownFileType = folder.assetcatalog; path = Assets.xcassets; sourceTree = "<group>"; };
		30F094B72256D172002C8316 /* Base */ = {isa = PBXFileReference; lastKnownFileType = file.storyboard; name = Base; path = Base.lproj/LaunchScreen.storyboard; sourceTree = "<group>"; };
		30F094B92256D172002C8316 /* Info.plist */ = {isa = PBXFileReference; lastKnownFileType = text.plist.xml; path = Info.plist; sourceTree = "<group>"; };
		30F094BE2256D172002C8316 /* SensorTestTests.xctest */ = {isa = PBXFileReference; explicitFileType = wrapper.cfbundle; includeInIndex = 0; path = SensorTestTests.xctest; sourceTree = BUILT_PRODUCTS_DIR; };
		30F094C22256D172002C8316 /* SensorTestTests.swift */ = {isa = PBXFileReference; lastKnownFileType = sourcecode.swift; path = SensorTestTests.swift; sourceTree = "<group>"; };
		30F094C42256D172002C8316 /* Info.plist */ = {isa = PBXFileReference; lastKnownFileType = text.plist.xml; path = Info.plist; sourceTree = "<group>"; };
		30F094C92256D172002C8316 /* SensorTestUITests.xctest */ = {isa = PBXFileReference; explicitFileType = wrapper.cfbundle; includeInIndex = 0; path = SensorTestUITests.xctest; sourceTree = BUILT_PRODUCTS_DIR; };
		30F094CD2256D172002C8316 /* SensorTestUITests.swift */ = {isa = PBXFileReference; lastKnownFileType = sourcecode.swift; path = SensorTestUITests.swift; sourceTree = "<group>"; };
		30F094CF2256D172002C8316 /* Info.plist */ = {isa = PBXFileReference; lastKnownFileType = text.plist.xml; path = Info.plist; sourceTree = "<group>"; };
/* End PBXFileReference section */

/* Begin PBXFrameworksBuildPhase section */
		30F094A42256D16E002C8316 /* Frameworks */ = {
			isa = PBXFrameworksBuildPhase;
			buildActionMask = 2147483647;
			files = (
			);
			runOnlyForDeploymentPostprocessing = 0;
		};
		30F094BB2256D172002C8316 /* Frameworks */ = {
			isa = PBXFrameworksBuildPhase;
			buildActionMask = 2147483647;
			files = (
			);
			runOnlyForDeploymentPostprocessing = 0;
		};
		30F094C62256D172002C8316 /* Frameworks */ = {
			isa = PBXFrameworksBuildPhase;
			buildActionMask = 2147483647;
			files = (
			);
			runOnlyForDeploymentPostprocessing = 0;
		};
/* End PBXFrameworksBuildPhase section */

/* Begin PBXGroup section */
		30F0949E2256D16E002C8316 = {
			isa = PBXGroup;
			children = (
				30F094A92256D16E002C8316 /* SensorTest */,
				30F094C12256D172002C8316 /* SensorTestTests */,
				30F094CC2256D172002C8316 /* SensorTestUITests */,
				30F094A82256D16E002C8316 /* Products */,
			);
			sourceTree = "<group>";
		};
		30F094A82256D16E002C8316 /* Products */ = {
			isa = PBXGroup;
			children = (
				30F094A72256D16E002C8316 /* SensorTest.app */,
				30F094BE2256D172002C8316 /* SensorTestTests.xctest */,
				30F094C92256D172002C8316 /* SensorTestUITests.xctest */,
			);
			name = Products;
			sourceTree = "<group>";
		};
		30F094A92256D16E002C8316 /* SensorTest */ = {
			isa = PBXGroup;
			children = (
				30F094AA2256D16E002C8316 /* AppDelegate.swift */,
				30F094AC2256D16E002C8316 /* ViewController.swift */,
				30F094AE2256D16E002C8316 /* Main.storyboard */,
				30F094B42256D172002C8316 /* Assets.xcassets */,
				30F094B62256D172002C8316 /* LaunchScreen.storyboard */,
				30F094B92256D172002C8316 /* Info.plist */,
				30F094B12256D16E002C8316 /* SensorTest.xcdatamodeld */,
			);
			path = SensorTest;
			sourceTree = "<group>";
		};
		30F094C12256D172002C8316 /* SensorTestTests */ = {
			isa = PBXGroup;
			children = (
				30F094C22256D172002C8316 /* SensorTestTests.swift */,
				30F094C42256D172002C8316 /* Info.plist */,
			);
			path = SensorTestTests;
			sourceTree = "<group>";
		};
		30F094CC2256D172002C8316 /* SensorTestUITests */ = {
			isa = PBXGroup;
			children = (
				30F094CD2256D172002C8316 /* SensorTestUITests.swift */,
				30F094CF2256D172002C8316 /* Info.plist */,
			);
			path = SensorTestUITests;
			sourceTree = "<group>";
		};
/* End PBXGroup section */

/* Begin PBXNativeTarget section */
		30F094A62256D16E002C8316 /* SensorTest */ = {
			isa = PBXNativeTarget;
			buildConfigurationList = 30F094D22256D172002C8316 /* Build configuration list for PBXNativeTarget "SensorTest" */;
			buildPhases = (
				30F094A32256D16E002C8316 /* Sources */,
				30F094A42256D16E002C8316 /* Frameworks */,
				30F094A52256D16E002C8316 /* Resources */,
			);
			buildRules = (
			);
			dependencies = (
			);
			name = SensorTest;
			productName = SensorTest;
			productReference = 30F094A72256D16E002C8316 /* SensorTest.app */;
			productType = "com.apple.product-type.application";
		};
		30F094BD2256D172002C8316 /* SensorTestTests */ = {
			isa = PBXNativeTarget;
			buildConfigurationList = 30F094D52256D172002C8316 /* Build configuration list for PBXNativeTarget "SensorTestTests" */;
			buildPhases = (
				30F094BA2256D172002C8316 /* Sources */,
				30F094BB2256D172002C8316 /* Frameworks */,
				30F094BC2256D172002C8316 /* Resources */,
			);
			buildRules = (
			);
			dependencies = (
				30F094C02256D172002C8316 /* PBXTargetDependency */,
			);
			name = SensorTestTests;
			productName = SensorTestTests;
			productReference = 30F094BE2256D172002C8316 /* SensorTestTests.xctest */;
			productType = "com.apple.product-type.bundle.unit-test";
		};
		30F094C82256D172002C8316 /* SensorTestUITests */ = {
			isa = PBXNativeTarget;
			buildConfigurationList = 30F094D82256D172002C8316 /* Build configuration list for PBXNativeTarget "SensorTestUITests" */;
			buildPhases = (
				30F094C52256D172002C8316 /* Sources */,
				30F094C62256D172002C8316 /* Frameworks */,
				30F094C72256D172002C8316 /* Resources */,
			);
			buildRules = (
			);
			dependencies = (
				30F094CB2256D172002C8316 /* PBXTargetDependency */,
			);
			name = SensorTestUITests;
			productName = SensorTestUITests;
			productReference = 30F094C92256D172002C8316 /* SensorTestUITests.xctest */;
			productType = "com.apple.product-type.bundle.ui-testing";
		};
/* End PBXNativeTarget section */

/* Begin PBXProject section */
		30F0949F2256D16E002C8316 /* Project object */ = {
			isa = PBXProject;
			attributes = {
				LastSwiftUpdateCheck = 1020;
				LastUpgradeCheck = 1020;
				ORGANIZATIONNAME = "Centennial College";
				TargetAttributes = {
					30F094A62256D16E002C8316 = {
						CreatedOnToolsVersion = 10.2;
					};
					30F094BD2256D172002C8316 = {
						CreatedOnToolsVersion = 10.2;
						TestTargetID = 30F094A62256D16E002C8316;
					};
					30F094C82256D172002C8316 = {
						CreatedOnToolsVersion = 10.2;
						TestTargetID = 30F094A62256D16E002C8316;
					};
				};
			};
			buildConfigurationList = 30F094A22256D16E002C8316 /* Build configuration list for PBXProject "SensorTest" */;
			compatibilityVersion = "Xcode 9.3";
			developmentRegion = en;
			hasScannedForEncodings = 0;
			knownRegions = (
				en,
				Base,
			);
			mainGroup = 30F0949E2256D16E002C8316;
			productRefGroup = 30F094A82256D16E002C8316 /* Products */;
			projectDirPath = "";
			projectRoot = "";
			targets = (
				30F094A62256D16E002C8316 /* SensorTest */,
				30F094BD2256D172002C8316 /* SensorTestTests */,
				30F094C82256D172002C8316 /* SensorTestUITests */,
			);
		};
/* End PBXProject section */

/* Begin PBXResourcesBuildPhase section */
		30F094A52256D16E002C8316 /* Resources */ = {
			isa = PBXResourcesBuildPhase;
			buildActionMask = 2147483647;
			files = (
				30F094B82256D172002C8316 /* LaunchScreen.storyboard in Resources */,
				30F094B52256D172002C8316 /* Assets.xcassets in Resources */,
				30F094B02256D16E002C8316 /* Main.storyboard in Resources */,
			);
			runOnlyForDeploymentPostprocessing = 0;
		};
		30F094BC2256D172002C8316 /* Resources */ = {
			isa = PBXResourcesBuildPhase;
			buildActionMask = 2147483647;
			files = (
			);
			runOnlyForDeploymentPostprocessing = 0;
		};
		30F094C72256D172002C8316 /* Resources */ = {
			isa = PBXResourcesBuildPhase;
			buildActionMask = 2147483647;
			files = (
			);
			runOnlyForDeploymentPostprocessing = 0;
		};
/* End PBXResourcesBuildPhase section */

/* Begin PBXSourcesBuildPhase section */
		30F094A32256D16E002C8316 /* Sources */ = {
			isa = PBXSourcesBuildPhase;
			buildActionMask = 2147483647;
			files = (
				30F094AD2256D16E002C8316 /* ViewController.swift in Sources */,
				30F094B32256D16E002C8316 /* SensorTest.xcdatamodeld in Sources */,
				30F094AB2256D16E002C8316 /* AppDelegate.swift in Sources */,
			);
			runOnlyForDeploymentPostprocessing = 0;
		};
		30F094BA2256D172002C8316 /* Sources */ = {
			isa = PBXSourcesBuildPhase;
			buildActionMask = 2147483647;
			files = (
				30F094C32256D172002C8316 /* SensorTestTests.swift in Sources */,
			);
			runOnlyForDeploymentPostprocessing = 0;
		};
		30F094C52256D172002C8316 /* Sources */ = {
			isa = PBXSourcesBuildPhase;
			buildActionMask = 2147483647;
			files = (
				30F094CE2256D172002C8316 /* SensorTestUITests.swift in Sources */,
			);
			runOnlyForDeploymentPostprocessing = 0;
		};
/* End PBXSourcesBuildPhase section */

/* Begin PBXTargetDependency section */
		30F094C02256D172002C8316 /* PBXTargetDependency */ = {
			isa = PBXTargetDependency;
			target = 30F094A62256D16E002C8316 /* SensorTest */;
			targetProxy = 30F094BF2256D172002C8316 /* PBXContainerItemProxy */;
		};
		30F094CB2256D172002C8316 /* PBXTargetDependency */ = {
			isa = PBXTargetDependency;
			target = 30F094A62256D16E002C8316 /* SensorTest */;
			targetProxy = 30F094CA2256D172002C8316 /* PBXContainerItemProxy */;
		};
/* End PBXTargetDependency section */

/* Begin PBXVariantGroup section */
		30F094AE2256D16E002C8316 /* Main.storyboard */ = {
			isa = PBXVariantGroup;
			children = (
				30F094AF2256D16E002C8316 /* Base */,
			);
			name = Main.storyboard;
			sourceTree = "<group>";
		};
		30F094B62256D172002C8316 /* LaunchScreen.storyboard */ = {
			isa = PBXVariantGroup;
			children = (
				30F094B72256D172002C8316 /* Base */,
			);
			name = LaunchScreen.storyboard;
			sourceTree = "<group>";
		};
/* End PBXVariantGroup section */

/* Begin XCBuildConfiguration section */
		30F094D02256D172002C8316 /* Debug */ = {
			isa = XCBuildConfiguration;
			buildSettings = {
				ALWAYS_SEARCH_USER_PATHS = NO;
				CLANG_ANALYZER_NONNULL = YES;
				CLANG_ANALYZER_NUMBER_OBJECT_CONVERSION = YES_AGGRESSIVE;
				CLANG_CXX_LANGUAGE_STANDARD = "gnu++14";
				CLANG_CXX_LIBRARY = "libc++";
				CLANG_ENABLE_MODULES = YES;
				CLANG_ENABLE_OBJC_ARC = YES;
				CLANG_ENABLE_OBJC_WEAK = YES;
				CLANG_WARN_BLOCK_CAPTURE_AUTORELEASING = YES;
				CLANG_WARN_BOOL_CONVERSION = YES;
				CLANG_WARN_COMMA = YES;
				CLANG_WARN_CONSTANT_CONVERSION = YES;
				CLANG_WARN_DEPRECATED_OBJC_IMPLEMENTATIONS = YES;
				CLANG_WARN_DIRECT_OBJC_ISA_USAGE = YES_ERROR;
				CLANG_WARN_DOCUMENTATION_COMMENTS = YES;
				CLANG_WARN_EMPTY_BODY = YES;
				CLANG_WARN_ENUM_CONVERSION = YES;
				CLANG_WARN_INFINITE_RECURSION = YES;
				CLANG_WARN_INT_CONVERSION = YES;
				CLANG_WARN_NON_LITERAL_NULL_CONVERSION = YES;
				CLANG_WARN_OBJC_IMPLICIT_RETAIN_SELF = YES;
				CLANG_WARN_OBJC_LITERAL_CONVERSION = YES;
				CLANG_WARN_OBJC_ROOT_CLASS = YES_ERROR;
				CLANG_WARN_RANGE_LOOP_ANALYSIS = YES;
				CLANG_WARN_STRICT_PROTOTYPES = YES;
				CLANG_WARN_SUSPICIOUS_MOVE = YES;
				CLANG_WARN_UNGUARDED_AVAILABILITY = YES_AGGRESSIVE;
				CLANG_WARN_UNREACHABLE_CODE = YES;
				CLANG_WARN__DUPLICATE_METHOD_MATCH = YES;
				CODE_SIGN_IDENTITY = "iPhone Developer";
				COPY_PHASE_STRIP = NO;
				DEBUG_INFORMATION_FORMAT = dwarf;
				ENABLE_STRICT_OBJC_MSGSEND = YES;
				ENABLE_TESTABILITY = YES;
				GCC_C_LANGUAGE_STANDARD = gnu11;
				GCC_DYNAMIC_NO_PIC = NO;
				GCC_NO_COMMON_BLOCKS = YES;
				GCC_OPTIMIZATION_LEVEL = 0;
				GCC_PREPROCESSOR_DEFINITIONS = (
					"DEBUG=1",
					"$(inherited)",
				);
				GCC_WARN_64_TO_32_BIT_CONVERSION = YES;
				GCC_WARN_ABOUT_RETURN_TYPE = YES_ERROR;
				GCC_WARN_UNDECLARED_SELECTOR = YES;
				GCC_WARN_UNINITIALIZED_AUTOS = YES_AGGRESSIVE;
				GCC_WARN_UNUSED_FUNCTION = YES;
				GCC_WARN_UNUSED_VARIABLE = YES;
				IPHONEOS_DEPLOYMENT_TARGET = 12.2;
				MTL_ENABLE_DEBUG_INFO = INCLUDE_SOURCE;
				MTL_FAST_MATH = YES;
				ONLY_ACTIVE_ARCH = YES;
				SDKROOT = iphoneos;
				SWIFT_ACTIVE_COMPILATION_CONDITIONS = DEBUG;
				SWIFT_OPTIMIZATION_LEVEL = "-Onone";
			};
			name = Debug;
		};
		30F094D12256D172002C8316 /* Release */ = {
			isa = XCBuildConfiguration;
			buildSettings = {
				ALWAYS_SEARCH_USER_PATHS = NO;
				CLANG_ANALYZER_NONNULL = YES;
				CLANG_ANALYZER_NUMBER_OBJECT_CONVERSION = YES_AGGRESSIVE;
				CLANG_CXX_LANGUAGE_STANDARD = "gnu++14";
				CLANG_CXX_LIBRARY = "libc++";
				CLANG_ENABLE_MODULES = YES;
				CLANG_ENABLE_OBJC_ARC = YES;
				CLANG_ENABLE_OBJC_WEAK = YES;
				CLANG_WARN_BLOCK_CAPTURE_AUTORELEASING = YES;
				CLANG_WARN_BOOL_CONVERSION = YES;
				CLANG_WARN_COMMA = YES;
				CLANG_WARN_CONSTANT_CONVERSION = YES;
				CLANG_WARN_DEPRECATED_OBJC_IMPLEMENTATIONS = YES;
				CLANG_WARN_DIRECT_OBJC_ISA_USAGE = YES_ERROR;
				CLANG_WARN_DOCUMENTATION_COMMENTS = YES;
				CLANG_WARN_EMPTY_BODY = YES;
				CLANG_WARN_ENUM_CONVERSION = YES;
				CLANG_WARN_INFINITE_RECURSION = YES;
				CLANG_WARN_INT_CONVERSION = YES;
				CLANG_WARN_NON_LITERAL_NULL_CONVERSION = YES;
				CLANG_WARN_OBJC_IMPLICIT_RETAIN_SELF = YES;
				CLANG_WARN_OBJC_LITERAL_CONVERSION = YES;
				CLANG_WARN_OBJC_ROOT_CLASS = YES_ERROR;
				CLANG_WARN_RANGE_LOOP_ANALYSIS = YES;
				CLANG_WARN_STRICT_PROTOTYPES = YES;
				CLANG_WARN_SUSPICIOUS_MOVE = YES;
				CLANG_WARN_UNGUARDED_AVAILABILITY = YES_AGGRESSIVE;
				CLANG_WARN_UNREACHABLE_CODE = YES;
				CLANG_WARN__DUPLICATE_METHOD_MATCH = YES;
				CODE_SIGN_IDENTITY = "iPhone Developer";
				COPY_PHASE_STRIP = NO;
				DEBUG_INFORMATION_FORMAT = "dwarf-with-dsym";
				ENABLE_NS_ASSERTIONS = NO;
				ENABLE_STRICT_OBJC_MSGSEND = YES;
				GCC_C_LANGUAGE_STANDARD = gnu11;
				GCC_NO_COMMON_BLOCKS = YES;
				GCC_WARN_64_TO_32_BIT_CONVERSION = YES;
				GCC_WARN_ABOUT_RETURN_TYPE = YES_ERROR;
				GCC_WARN_UNDECLARED_SELECTOR = YES;
				GCC_WARN_UNINITIALIZED_AUTOS = YES_AGGRESSIVE;
				GCC_WARN_UNUSED_FUNCTION = YES;
				GCC_WARN_UNUSED_VARIABLE = YES;
				IPHONEOS_DEPLOYMENT_TARGET = 12.2;
				MTL_ENABLE_DEBUG_INFO = NO;
				MTL_FAST_MATH = YES;
				SDKROOT = iphoneos;
				SWIFT_COMPILATION_MODE = wholemodule;
				SWIFT_OPTIMIZATION_LEVEL = "-O";
				VALIDATE_PRODUCT = YES;
			};
			name = Release;
		};
		30F094D32256D172002C8316 /* Debug */ = {
			isa = XCBuildConfiguration;
			buildSettings = {
				ASSETCATALOG_COMPILER_APPICON_NAME = AppIcon;
				CODE_SIGN_STYLE = Automatic;
				DEVELOPMENT_TEAM = 2BULHRS882;
				INFOPLIST_FILE = SensorTest/Info.plist;
				LD_RUNPATH_SEARCH_PATHS = (
					"$(inherited)",
					"@executable_path/Frameworks",
				);
				PRODUCT_BUNDLE_IDENTIFIER = CentennialCollege.SensorTest;
				PRODUCT_NAME = "$(TARGET_NAME)";
				SWIFT_VERSION = 5.0;
				TARGETED_DEVICE_FAMILY = "1,2";
			};
			name = Debug;
		};
		30F094D42256D172002C8316 /* Release */ = {
			isa = XCBuildConfiguration;
			buildSettings = {
				ASSETCATALOG_COMPILER_APPICON_NAME = AppIcon;
				CODE_SIGN_STYLE = Automatic;
				DEVELOPMENT_TEAM = 2BULHRS882;
				INFOPLIST_FILE = SensorTest/Info.plist;
				LD_RUNPATH_SEARCH_PATHS = (
					"$(inherited)",
					"@executable_path/Frameworks",
				);
				PRODUCT_BUNDLE_IDENTIFIER = CentennialCollege.SensorTest;
				PRODUCT_NAME = "$(TARGET_NAME)";
				SWIFT_VERSION = 5.0;
				TARGETED_DEVICE_FAMILY = "1,2";
			};
			name = Release;
		};
		30F094D62256D172002C8316 /* Debug */ = {
			isa = XCBuildConfiguration;
			buildSettings = {
				ALWAYS_EMBED_SWIFT_STANDARD_LIBRARIES = YES;
				BUNDLE_LOADER = "$(TEST_HOST)";
				CODE_SIGN_STYLE = Automatic;
				DEVELOPMENT_TEAM = 2BULHRS882;
				INFOPLIST_FILE = SensorTestTests/Info.plist;
				LD_RUNPATH_SEARCH_PATHS = (
					"$(inherited)",
					"@executable_path/Frameworks",
					"@loader_path/Frameworks",
				);
				PRODUCT_BUNDLE_IDENTIFIER = CentennialCollege.SensorTestTests;
				PRODUCT_NAME = "$(TARGET_NAME)";
				SWIFT_VERSION = 5.0;
				TARGETED_DEVICE_FAMILY = "1,2";
				TEST_HOST = "$(BUILT_PRODUCTS_DIR)/SensorTest.app/SensorTest";
			};
			name = Debug;
		};
		30F094D72256D172002C8316 /* Release */ = {
			isa = XCBuildConfiguration;
			buildSettings = {
				ALWAYS_EMBED_SWIFT_STANDARD_LIBRARIES = YES;
				BUNDLE_LOADER = "$(TEST_HOST)";
				CODE_SIGN_STYLE = Automatic;
				DEVELOPMENT_TEAM = 2BULHRS882;
				INFOPLIST_FILE = SensorTestTests/Info.plist;
				LD_RUNPATH_SEARCH_PATHS = (
					"$(inherited)",
					"@executable_path/Frameworks",
					"@loader_path/Frameworks",
				);
				PRODUCT_BUNDLE_IDENTIFIER = CentennialCollege.SensorTestTests;
				PRODUCT_NAME = "$(TARGET_NAME)";
				SWIFT_VERSION = 5.0;
				TARGETED_DEVICE_FAMILY = "1,2";
				TEST_HOST = "$(BUILT_PRODUCTS_DIR)/SensorTest.app/SensorTest";
			};
			name = Release;
		};
		30F094D92256D172002C8316 /* Debug */ = {
			isa = XCBuildConfiguration;
			buildSettings = {
				ALWAYS_EMBED_SWIFT_STANDARD_LIBRARIES = YES;
				CODE_SIGN_STYLE = Automatic;
				DEVELOPMENT_TEAM = 2BULHRS882;
				INFOPLIST_FILE = SensorTestUITests/Info.plist;
				LD_RUNPATH_SEARCH_PATHS = (
					"$(inherited)",
					"@executable_path/Frameworks",
					"@loader_path/Frameworks",
				);
				PRODUCT_BUNDLE_IDENTIFIER = CentennialCollege.SensorTestUITests;
				PRODUCT_NAME = "$(TARGET_NAME)";
				SWIFT_VERSION = 5.0;
				TARGETED_DEVICE_FAMILY = "1,2";
				TEST_TARGET_NAME = SensorTest;
			};
			name = Debug;
		};
		30F094DA2256D172002C8316 /* Release */ = {
			isa = XCBuildConfiguration;
			buildSettings = {
				ALWAYS_EMBED_SWIFT_STANDARD_LIBRARIES = YES;
				CODE_SIGN_STYLE = Automatic;
				DEVELOPMENT_TEAM = 2BULHRS882;
				INFOPLIST_FILE = SensorTestUITests/Info.plist;
				LD_RUNPATH_SEARCH_PATHS = (
					"$(inherited)",
					"@executable_path/Frameworks",
					"@loader_path/Frameworks",
				);
				PRODUCT_BUNDLE_IDENTIFIER = CentennialCollege.SensorTestUITests;
				PRODUCT_NAME = "$(TARGET_NAME)";
				SWIFT_VERSION = 5.0;
				TARGETED_DEVICE_FAMILY = "1,2";
				TEST_TARGET_NAME = SensorTest;
			};
			name = Release;
		};
/* End XCBuildConfiguration section */

/* Begin XCConfigurationList section */
		30F094A22256D16E002C8316 /* Build configuration list for PBXProject "SensorTest" */ = {
			isa = XCConfigurationList;
			buildConfigurations = (
				30F094D02256D172002C8316 /* Debug */,
				30F094D12256D172002C8316 /* Release */,
			);
			defaultConfigurationIsVisible = 0;
			defaultConfigurationName = Release;
		};
		30F094D22256D172002C8316 /* Build configuration list for PBXNativeTarget "SensorTest" */ = {
			isa = XCConfigurationList;
			buildConfigurations = (
				30F094D32256D172002C8316 /* Debug */,
				30F094D42256D172002C8316 /* Release */,
			);
			defaultConfigurationIsVisible = 0;
			defaultConfigurationName = Release;
		};
		30F094D52256D172002C8316 /* Build configuration list for PBXNativeTarget "SensorTestTests" */ = {
			isa = XCConfigurationList;
			buildConfigurations = (
				30F094D62256D172002C8316 /* Debug */,
				30F094D72256D172002C8316 /* Release */,
			);
			defaultConfigurationIsVisible = 0;
			defaultConfigurationName = Release;
		};
		30F094D82256D172002C8316 /* Build configuration list for PBXNativeTarget "SensorTestUITests" */ = {
			isa = XCConfigurationList;
			buildConfigurations = (
				30F094D92256D172002C8316 /* Debug */,
				30F094DA2256D172002C8316 /* Release */,
			);
			defaultConfigurationIsVisible = 0;
			defaultConfigurationName = Release;
		};
/* End XCConfigurationList section */

/* Begin XCVersionGroup section */
		30F094B12256D16E002C8316 /* SensorTest.xcdatamodeld */ = {
			isa = XCVersionGroup;
			children = (
				30F094B22256D16E002C8316 /* SensorTest.xcdatamodel */,
			);
			currentVersion = 30F094B22256D16E002C8316 /* SensorTest.xcdatamodel */;
			path = SensorTest.xcdatamodeld;
			sourceTree = "<group>";
			versionGroupType = wrapper.xcdatamodel;
		};
/* End XCVersionGroup section */
	};
	rootObject = 30F0949F2256D16E002C8316 /* Project object */;
}
